Microsoft Visual Studio Solution File, Format Version 12.00
# Visual Studio Version 17
VisualStudioVersion = 17.5.2.0
MinimumVisualStudioVersion = 10.0.40219.1
Project("{FAE04EC0-301F-11D3-BF4B-00C04F79EFBC}") = "InClassProject", "InClassProject\InClassProject.csproj", "{93FF4ABE-7171-E35E-15C8-AE64ADC09BDF}"
EndProject
Global
	GlobalSection(SolutionConfigurationPlatforms) = preSolution
		Debug|Any CPU = Debug|Any CPU
		Release|Any CPU = Release|Any CPU
	EndGlobalSection
	GlobalSection(ProjectConfigurationPlatforms) = postSolution
		{93FF4ABE-7171-E35E-15C8-AE64ADC09BDF}.Debug|Any CPU.ActiveCfg = Debug|Any CPU
		{93FF4ABE-7171-E35E-15C8-AE64ADC09BDF}.Debug|Any CPU.Build.0 = Debug|Any CPU
		{93FF4ABE-7171-E35E-15C8-AE64ADC09BDF}.Release|Any CPU.ActiveCfg = Release|Any CPU
		{93FF4ABE-7171-E35E-15C8-AE64ADC09BDF}.Release|Any CPU.Build.0 = Release|Any CPU
	EndGlobalSection
	GlobalSection(SolutionProperties) = preSolution
		HideSolutionNode = FALSE
	EndGlobalSection
	GlobalSection(ExtensibilityGlobals) = postSolution
		SolutionGuid = {BFFA5DE2-D5B5-4267-A22C-CD3CFE0EE86A}
	EndGlobalSection
EndGlobal
